
Microsoft Visual Studio Solution File, Format Version 12.00
# Visual Studio Version 17
VisualStudioVersion = 17.7.34202.233
MinimumVisualStudioVersion = 10.0.40219.1
Project("{9A19103F-16F7-4668-BE54-9A1E7A4F7556}") = "Orange_HRM_Tests", "Orange_HRM_Tests\Orange_HRM_Tests.csproj", "{DEC8E2A2-21FC-4BBD-9610-D3DF08B1C071}"
EndProject
Project("{9A19103F-16F7-4668-BE54-9A1E7A4F7556}") = "Orange_HRM_Pages", "Orange_HRM_Pages\Orange_HRM_Pages.csproj", "{E567EFC0-40A1-4E9B-95CA-ED5FC6D66FA0}"
EndProject
Project("{9A19103F-16F7-4668-BE54-9A1E7A4F7556}") = "Wrappers", "Wrappers\Wrappers.csproj", "{83C9CFA7-3EE5-4E07-A3AF-19FD8A5E4B30}"
EndProject
Project("{9A19103F-16F7-4668-BE54-9A1E7A4F7556}") = "Utilities", "Utilities\Utilities.csproj", "{C1714B2D-8CEE-44B6-8A4E-A4AEE2D50F75}"
EndProject
Project("{9A19103F-16F7-4668-BE54-9A1E7A4F7556}") = "FactoryPattern", "FactoryPattern\FactoryPattern.csproj", "{C5926CAC-793D-48F2-84D1-680E90AAC717}"
EndProject
Project("{9A19103F-16F7-4668-BE54-9A1E7A4F7556}") = "Constants", "Constants\Constants.csproj", "{6892BE20-05CB-4FB5-AC93-06F022C7AD7D}"
EndProject
Project("{FAE04EC0-301F-11D3-BF4B-00C04F79EFBC}") = "Orange_HRM_Forms", "Orange_HRM_Forms\Orange_HRM_Forms.csproj", "{B5C34C8C-BA87-44E9-A372-084E59C185B4}"
EndProject
Global
	GlobalSection(SolutionConfigurationPlatforms) = preSolution
		Debug|Any CPU = Debug|Any CPU
		Release|Any CPU = Release|Any CPU
	EndGlobalSection
	GlobalSection(ProjectConfigurationPlatforms) = postSolution
		{DEC8E2A2-21FC-4BBD-9610-D3DF08B1C071}.Debug|Any CPU.ActiveCfg = Debug|Any CPU
		{DEC8E2A2-21FC-4BBD-9610-D3DF08B1C071}.Debug|Any CPU.Build.0 = Debug|Any CPU
		{DEC8E2A2-21FC-4BBD-9610-D3DF08B1C071}.Release|Any CPU.ActiveCfg = Release|Any CPU
		{DEC8E2A2-21FC-4BBD-9610-D3DF08B1C071}.Release|Any CPU.Build.0 = Release|Any CPU
		{E567EFC0-40A1-4E9B-95CA-ED5FC6D66FA0}.Debug|Any CPU.ActiveCfg = Debug|Any CPU
		{E567EFC0-40A1-4E9B-95CA-ED5FC6D66FA0}.Debug|Any CPU.Build.0 = Debug|Any CPU
		{E567EFC0-40A1-4E9B-95CA-ED5FC6D66FA0}.Release|Any CPU.ActiveCfg = Release|Any CPU
		{E567EFC0-40A1-4E9B-95CA-ED5FC6D66FA0}.Release|Any CPU.Build.0 = Release|Any CPU
		{83C9CFA7-3EE5-4E07-A3AF-19FD8A5E4B30}.Debug|Any CPU.ActiveCfg = Debug|Any CPU
		{83C9CFA7-3EE5-4E07-A3AF-19FD8A5E4B30}.Debug|Any CPU.Build.0 = Debug|Any CPU
		{83C9CFA7-3EE5-4E07-A3AF-19FD8A5E4B30}.Release|Any CPU.ActiveCfg = Release|Any CPU
		{83C9CFA7-3EE5-4E07-A3AF-19FD8A5E4B30}.Release|Any CPU.Build.0 = Release|Any CPU
		{C1714B2D-8CEE-44B6-8A4E-A4AEE2D50F75}.Debug|Any CPU.ActiveCfg = Debug|Any CPU
		{C1714B2D-8CEE-44B6-8A4E-A4AEE2D50F75}.Debug|Any CPU.Build.0 = Debug|Any CPU
		{C1714B2D-8CEE-44B6-8A4E-A4AEE2D50F75}.Release|Any CPU.ActiveCfg = Release|Any CPU
		{C1714B2D-8CEE-44B6-8A4E-A4AEE2D50F75}.Release|Any CPU.Build.0 = Release|Any CPU
		{C5926CAC-793D-48F2-84D1-680E90AAC717}.Debug|Any CPU.ActiveCfg = Debug|Any CPU
		{C5926CAC-793D-48F2-84D1-680E90AAC717}.Debug|Any CPU.Build.0 = Debug|Any CPU
		{C5926CAC-793D-48F2-84D1-680E90AAC717}.Release|Any CPU.ActiveCfg = Release|Any CPU
		{C5926CAC-793D-48F2-84D1-680E90AAC717}.Release|Any CPU.Build.0 = Release|Any CPU
		{6892BE20-05CB-4FB5-AC93-06F022C7AD7D}.Debug|Any CPU.ActiveCfg = Debug|Any CPU
		{6892BE20-05CB-4FB5-AC93-06F022C7AD7D}.Debug|Any CPU.Build.0 = Debug|Any CPU
		{6892BE20-05CB-4FB5-AC93-06F022C7AD7D}.Release|Any CPU.ActiveCfg = Release|Any CPU
		{6892BE20-05CB-4FB5-AC93-06F022C7AD7D}.Release|Any CPU.Build.0 = Release|Any CPU
		{B5C34C8C-BA87-44E9-A372-084E59C185B4}.Debug|Any CPU.ActiveCfg = Debug|Any CPU
		{B5C34C8C-BA87-44E9-A372-084E59C185B4}.Debug|Any CPU.Build.0 = Debug|Any CPU
		{B5C34C8C-BA87-44E9-A372-084E59C185B4}.Release|Any CPU.ActiveCfg = Release|Any CPU
		{B5C34C8C-BA87-44E9-A372-084E59C185B4}.Release|Any CPU.Build.0 = Release|Any CPU
	EndGlobalSection
	GlobalSection(SolutionProperties) = preSolution
		HideSolutionNode = FALSE
	EndGlobalSection
	GlobalSection(ExtensibilityGlobals) = postSolution
		SolutionGuid = {7DB85127-8197-4522-A48A-56474300CCEE}
	EndGlobalSection
EndGlobal
